{
  "name": "edge-map-component",
  "version": "1.0.0",
  "lockfileVersion": 2,
  "requires": true,
  "packages": {
    "": {
      "name": "edge-map-component",
      "version": "1.0.0",
      "license": "ISC",
      "dependencies": {
        "edge.js": "^6.0.0-6"
      }
    },
    "node_modules/@lukeed/ms": {
      "version": "2.0.1",
      "resolved": "https://registry.npmjs.org/@lukeed/ms/-/ms-2.0.1.tgz",
      "integrity": "sha512-Xs/4RZltsAL7pkvaNStUQt7netTkyxrS0K+RILcVr3TRMS/ToOg4I6uNfhB9SlGsnWBym4U+EaXq0f0cEMNkHA==",
      "engines": {
        "node": ">=8"
      }
    },
    "node_modules/@poppinss/inspect": {
      "version": "1.0.1",
      "resolved": "https://registry.npmjs.org/@poppinss/inspect/-/inspect-1.0.1.tgz",
      "integrity": "sha512-kLeEaBSGhlleyYvKc7c9s3uE6xv7cwyulE0EgHf4jU/CL96h0yC4mkdw1wvC1l1PYYQozCGy46FwMBAAMOobCA==",
      "funding": {
        "url": "https://github.com/sponsors/ljharb"
      }
    },
    "node_modules/@poppinss/macroable": {
      "version": "1.0.0-7",
      "resolved": "https://registry.npmjs.org/@poppinss/macroable/-/macroable-1.0.0-7.tgz",
      "integrity": "sha512-WZFX3mWhPYGkg+eZDoWv0IiT5eooJTm1qKSTCzB62zU7NRdXPG3SAeYtlZx7swn/35k+w/HgKADzR9hJwUPz4A==",
      "engines": {
        "node": ">=18.16.0"
      }
    },
    "node_modules/@poppinss/utils": {
      "version": "6.5.0-5",
      "resolved": "https://registry.npmjs.org/@poppinss/utils/-/utils-6.5.0-5.tgz",
      "integrity": "sha512-ebLcaOmB3+DzhjKxQryxrkUw0Fjuwn2bzefhPXykpeiraKyCqzeSqcuM0nmiL8UFufM5r9TSqJvU47sqbX3+yw==",
      "dependencies": {
        "@lukeed/ms": "^2.0.1",
        "@types/bytes": "^3.1.1",
        "@types/pluralize": "0.0.30",
        "bytes": "^3.1.2",
        "case-anything": "^2.1.13",
        "flattie": "^1.1.0",
        "pluralize": "^8.0.0",
        "safe-stable-stringify": "^2.4.3",
        "secure-json-parse": "^2.7.0",
        "slash": "^5.1.0",
        "slugify": "^1.6.6",
        "truncatise": "^0.0.8"
      },
      "engines": {
        "node": ">=18.16.0"
      }
    },
    "node_modules/@types/bytes": {
      "version": "3.1.1",
      "resolved": "https://registry.npmjs.org/@types/bytes/-/bytes-3.1.1.tgz",
      "integrity": "sha512-lOGyCnw+2JVPKU3wIV0srU0NyALwTBJlVSx5DfMQOFuuohA8y9S8orImpuIQikZ0uIQ8gehrRjxgQC1rLRi11w=="
    },
    "node_modules/@types/pluralize": {
      "version": "0.0.30",
      "resolved": "https://registry.npmjs.org/@types/pluralize/-/pluralize-0.0.30.tgz",
      "integrity": "sha512-kVww6xZrW/db5BR9OqiT71J9huRdQ+z/r+LbDuT7/EK50mCmj5FoaIARnVv0rvjUS/YpDox0cDU9lpQT011VBA=="
    },
    "node_modules/acorn": {
      "version": "8.10.0",
      "resolved": "https://registry.npmjs.org/acorn/-/acorn-8.10.0.tgz",
      "integrity": "sha512-F0SAmZ8iUtS//m8DmCTA0jlh6TDKkHQyK6xc6V4KDTyZKA9dnvX9/3sRTVQrWm79glUAZbnmmNcdYwUIHWVybw==",
      "bin": {
        "acorn": "bin/acorn"
      },
      "engines": {
        "node": ">=0.4.0"
      }
    },
    "node_modules/astring": {
      "version": "1.8.6",
      "resolved": "https://registry.npmjs.org/astring/-/astring-1.8.6.tgz",
      "integrity": "sha512-ISvCdHdlTDlH5IpxQJIex7BWBywFWgjJSVdwst+/iQCoEYnyOaQ95+X1JGshuBjGp6nxKUy1jMgE3zPqN7fQdg==",
      "bin": {
        "astring": "bin/astring"
      }
    },
    "node_modules/bytes": {
      "version": "3.1.2",
      "resolved": "https://registry.npmjs.org/bytes/-/bytes-3.1.2.tgz",
      "integrity": "sha512-/Nf7TyzTx6S3yRJObOAV7956r8cr2+Oj8AC5dt8wSP3BQAoeX58NoHyCU8P8zGkNXStjTSi6fzO6F0pBdcYbEg==",
      "engines": {
        "node": ">= 0.8"
      }
    },
    "node_modules/case-anything": {
      "version": "2.1.13",
      "resolved": "https://registry.npmjs.org/case-anything/-/case-anything-2.1.13.tgz",
      "integrity": "sha512-zlOQ80VrQ2Ue+ymH5OuM/DlDq64mEm+B9UTdHULv5osUMD6HalNTblf2b1u/m6QecjsnOkBpqVZ+XPwIVsy7Ng==",
      "engines": {
        "node": ">=12.13"
      },
      "funding": {
        "url": "https://github.com/sponsors/mesqueeb"
      }
    },
    "node_modules/classnames": {
      "version": "2.3.2",
      "resolved": "https://registry.npmjs.org/classnames/-/classnames-2.3.2.tgz",
      "integrity": "sha512-CSbhY4cFEJRe6/GQzIk5qXZ4Jeg5pcsP7b5peFSDpffpe1cqjASH/n9UTjBwOp6XpMSTwQ8Za2K5V02ueA7Tmw=="
    },
    "node_modules/edge-error": {
      "version": "4.0.0-0",
      "resolved": "https://registry.npmjs.org/edge-error/-/edge-error-4.0.0-0.tgz",
      "integrity": "sha512-FI9sSYvQt8hXGneLgyh62z6qPpeAWyUS9i+RX5zSkzFkyM0BeQ1j2mrvztV3tU6pbDLmmtimgasQtsADiOEnyA==",
      "engines": {
        "node": ">=18.16.0"
      }
    },
    "node_modules/edge-lexer": {
      "version": "6.0.0-4",
      "resolved": "https://registry.npmjs.org/edge-lexer/-/edge-lexer-6.0.0-4.tgz",
      "integrity": "sha512-JMS+HbLX2cmkQatGqWYiVIARD8jl0zUigodRTUvDnzSq0b7iFVG4u1TMA/JYEJ0m0SfCRFQ1Gd9pZ2twL3xqjw==",
      "dependencies": {
        "edge-error": "^4.0.0-0"
      },
      "engines": {
        "node": ">=18.16.0"
      }
    },
    "node_modules/edge-parser": {
      "version": "9.0.0-3",
      "resolved": "https://registry.npmjs.org/edge-parser/-/edge-parser-9.0.0-3.tgz",
      "integrity": "sha512-0c7ssA1Gj9eYE6RfVnkMcZ4rbp2lks1GxHQKKjgwuLWuAQTV6Qj+ZViuRXjYYgCUm3spYGgC7RueH+2bQCosTw==",
      "dependencies": {
        "acorn": "^8.10.0",
        "astring": "^1.8.6",
        "edge-error": "^4.0.0-0",
        "edge-lexer": "^6.0.0-4",
        "js-stringify": "^1.0.2"
      },
      "engines": {
        "node": ">=18.16.0"
      }
    },
    "node_modules/edge.js": {
      "version": "6.0.0-6",
      "resolved": "https://registry.npmjs.org/edge.js/-/edge.js-6.0.0-6.tgz",
      "integrity": "sha512-+GDMDcVNGiY///mr0ZDrjuVluULS4YOCYmMYHhyvHad3RI/P203GAHY73m3xLlFVl0MOOvDnC1Qr/qxY9TSgbQ==",
      "dependencies": {
        "@poppinss/inspect": "^1.0.1",
        "@poppinss/macroable": "^1.0.0-7",
        "@poppinss/utils": "^6.5.0-5",
        "classnames": "^2.3.2",
        "edge-error": "^4.0.0-0",
        "edge-lexer": "^6.0.0-4",
        "edge-parser": "^9.0.0-3",
        "he": "^1.2.0",
        "js-stringify": "^1.0.2",
        "property-information": "^6.2.0",
        "stringify-attributes": "^4.0.0"
      },
      "engines": {
        "node": ">=18.16.0"
      }
    },
    "node_modules/escape-goat": {
      "version": "4.0.0",
      "resolved": "https://registry.npmjs.org/escape-goat/-/escape-goat-4.0.0.tgz",
      "integrity": "sha512-2Sd4ShcWxbx6OY1IHyla/CVNwvg7XwZVoXZHcSu9w9SReNP1EzzD5T8NWKIR38fIqEns9kDWKUQTXXAmlDrdPg==",
      "engines": {
        "node": ">=12"
      },
      "funding": {
        "url": "https://github.com/sponsors/sindresorhus"
      }
    },
    "node_modules/flattie": {
      "version": "1.1.0",
      "resolved": "https://registry.npmjs.org/flattie/-/flattie-1.1.0.tgz",
      "integrity": "sha512-xU99gDEnciIwJdGcBmNHnzTJ/w5AT+VFJOu6sTB6WM8diOYNA3Sa+K1DiEBQ7XH4QikQq3iFW1U+jRVcotQnBw==",
      "engines": {
        "node": ">=8"
      }
    },
    "node_modules/he": {
      "version": "1.2.0",
      "resolved": "https://registry.npmjs.org/he/-/he-1.2.0.tgz",
      "integrity": "sha512-F/1DnUGPopORZi0ni+CvrCgHQ5FyEAHRLSApuYWMmrbSwoN2Mn/7k+Gl38gJnR7yyDZk6WLXwiGod1JOWNDKGw==",
      "bin": {
        "he": "bin/he"
      }
    },
    "node_modules/js-stringify": {
      "version": "1.0.2",
      "resolved": "https://registry.npmjs.org/js-stringify/-/js-stringify-1.0.2.tgz",
      "integrity": "sha512-rtS5ATOo2Q5k1G+DADISilDA6lv79zIiwFd6CcjuIxGKLFm5C+RLImRscVap9k55i+MOZwgliw+NejvkLuGD5g=="
    },
    "node_modules/pluralize": {
      "version": "8.0.0",
      "resolved": "https://registry.npmjs.org/pluralize/-/pluralize-8.0.0.tgz",
      "integrity": "sha512-Nc3IT5yHzflTfbjgqWcCPpo7DaKy4FnpB0l/zCAW0Tc7jxAiuqSxHasntB3D7887LSrA93kDJ9IXovxJYxyLCA==",
      "engines": {
        "node": ">=4"
      }
    },
    "node_modules/property-information": {
      "version": "6.2.0",
      "resolved": "https://registry.npmjs.org/property-information/-/property-information-6.2.0.tgz",
      "integrity": "sha512-kma4U7AFCTwpqq5twzC1YVIDXSqg6qQK6JN0smOw8fgRy1OkMi0CYSzFmsy6dnqSenamAtj0CyXMUJ1Mf6oROg==",
      "funding": {
        "type": "github",
        "url": "https://github.com/sponsors/wooorm"
      }
    },
    "node_modules/safe-stable-stringify": {
      "version": "2.4.3",
      "resolved": "https://registry.npmjs.org/safe-stable-stringify/-/safe-stable-stringify-2.4.3.tgz",
      "integrity": "sha512-e2bDA2WJT0wxseVd4lsDP4+3ONX6HpMXQa1ZhFQ7SU+GjvORCmShbCMltrtIDfkYhVHrOcPtj+KhmDBdPdZD1g==",
      "engines": {
        "node": ">=10"
      }
    },
    "node_modules/secure-json-parse": {
      "version": "2.7.0",
      "resolved": "https://registry.npmjs.org/secure-json-parse/-/secure-json-parse-2.7.0.tgz",
      "integrity": "sha512-6aU+Rwsezw7VR8/nyvKTx8QpWH9FrcYiXXlqC4z5d5XQBDRqtbfsRjnwGyqbi3gddNtWHuEk9OANUotL26qKUw=="
    },
    "node_modules/slash": {
      "version": "5.1.0",
      "resolved": "https://registry.npmjs.org/slash/-/slash-5.1.0.tgz",
      "integrity": "sha512-ZA6oR3T/pEyuqwMgAKT0/hAv8oAXckzbkmR0UkUosQ+Mc4RxGoJkRmwHgHufaenlyAgE1Mxgpdcrf75y6XcnDg==",
      "engines": {
        "node": ">=14.16"
      },
      "funding": {
        "url": "https://github.com/sponsors/sindresorhus"
      }
    },
    "node_modules/slugify": {
      "version": "1.6.6",
      "resolved": "https://registry.npmjs.org/slugify/-/slugify-1.6.6.tgz",
      "integrity": "sha512-h+z7HKHYXj6wJU+AnS/+IH8Uh9fdcX1Lrhg1/VMdf9PwoBQXFcXiAdsy2tSK0P6gKwJLXp02r90ahUCqHk9rrw==",
      "engines": {
        "node": ">=8.0.0"
      }
    },
    "node_modules/stringify-attributes": {
      "version": "4.0.0",
      "resolved": "https://registry.npmjs.org/stringify-attributes/-/stringify-attributes-4.0.0.tgz",
      "integrity": "sha512-6Hq3K153wTTfhEHb4V/viuqmb0DRn08JCrRnmqc4Q/tmoNuvd4DEyqkiiJXtvVz8ZSUhlCQr7zCpCVTgrelesg==",
      "dependencies": {
        "escape-goat": "^4.0.0"
      },
      "engines": {
        "node": ">=14.16"
      },
      "funding": {
        "url": "https://github.com/sponsors/sindresorhus"
      }
    },
    "node_modules/truncatise": {
      "version": "0.0.8",
      "resolved": "https://registry.npmjs.org/truncatise/-/truncatise-0.0.8.tgz",
      "integrity": "sha512-cXzueh9pzBCsLzhToB4X4gZCb3KYkrsAcBAX97JnazE74HOl3cpBJYEV7nabHeG/6/WXCU5Yujlde/WPBUwnsg=="
    }
  },
  "dependencies": {
    "@lukeed/ms": {
      "version": "2.0.1",
      "resolved": "https://registry.npmjs.org/@lukeed/ms/-/ms-2.0.1.tgz",
      "integrity": "sha512-Xs/4RZltsAL7pkvaNStUQt7netTkyxrS0K+RILcVr3TRMS/ToOg4I6uNfhB9SlGsnWBym4U+EaXq0f0cEMNkHA=="
    },
    "@poppinss/inspect": {
      "version": "1.0.1",
      "resolved": "https://registry.npmjs.org/@poppinss/inspect/-/inspect-1.0.1.tgz",
      "integrity": "sha512-kLeEaBSGhlleyYvKc7c9s3uE6xv7cwyulE0EgHf4jU/CL96h0yC4mkdw1wvC1l1PYYQozCGy46FwMBAAMOobCA=="
    },
    "@poppinss/macroable": {
      "version": "1.0.0-7",
      "resolved": "https://registry.npmjs.org/@poppinss/macroable/-/macroable-1.0.0-7.tgz",
      "integrity": "sha512-WZFX3mWhPYGkg+eZDoWv0IiT5eooJTm1qKSTCzB62zU7NRdXPG3SAeYtlZx7swn/35k+w/HgKADzR9hJwUPz4A=="
    },
    "@poppinss/utils": {
      "version": "6.5.0-5",
      "resolved": "https://registry.npmjs.org/@poppinss/utils/-/utils-6.5.0-5.tgz",
      "integrity": "sha512-ebLcaOmB3+DzhjKxQryxrkUw0Fjuwn2bzefhPXykpeiraKyCqzeSqcuM0nmiL8UFufM5r9TSqJvU47sqbX3+yw==",
      "requires": {
        "@lukeed/ms": "^2.0.1",
        "@types/bytes": "^3.1.1",
        "@types/pluralize": "0.0.30",
        "bytes": "^3.1.2",
        "case-anything": "^2.1.13",
        "flattie": "^1.1.0",
        "pluralize": "^8.0.0",
        "safe-stable-stringify": "^2.4.3",
        "secure-json-parse": "^2.7.0",
        "slash": "^5.1.0",
        "slugify": "^1.6.6",
        "truncatise": "^0.0.8"
      }
    },
    "@types/bytes": {
      "version": "3.1.1",
      "resolved": "https://registry.npmjs.org/@types/bytes/-/bytes-3.1.1.tgz",
      "integrity": "sha512-lOGyCnw+2JVPKU3wIV0srU0NyALwTBJlVSx5DfMQOFuuohA8y9S8orImpuIQikZ0uIQ8gehrRjxgQC1rLRi11w=="
    },
    "@types/pluralize": {
      "version": "0.0.30",
      "resolved": "https://registry.npmjs.org/@types/pluralize/-/pluralize-0.0.30.tgz",
      "integrity": "sha512-kVww6xZrW/db5BR9OqiT71J9huRdQ+z/r+LbDuT7/EK50mCmj5FoaIARnVv0rvjUS/YpDox0cDU9lpQT011VBA=="
    },
    "acorn": {
      "version": "8.10.0",
      "resolved": "https://registry.npmjs.org/acorn/-/acorn-8.10.0.tgz",
      "integrity": "sha512-F0SAmZ8iUtS//m8DmCTA0jlh6TDKkHQyK6xc6V4KDTyZKA9dnvX9/3sRTVQrWm79glUAZbnmmNcdYwUIHWVybw=="
    },
    "astring": {
      "version": "1.8.6",
      "resolved": "https://registry.npmjs.org/astring/-/astring-1.8.6.tgz",
      "integrity": "sha512-ISvCdHdlTDlH5IpxQJIex7BWBywFWgjJSVdwst+/iQCoEYnyOaQ95+X1JGshuBjGp6nxKUy1jMgE3zPqN7fQdg=="
    },
    "bytes": {
      "version": "3.1.2",
      "resolved": "https://registry.npmjs.org/bytes/-/bytes-3.1.2.tgz",
      "integrity": "sha512-/Nf7TyzTx6S3yRJObOAV7956r8cr2+Oj8AC5dt8wSP3BQAoeX58NoHyCU8P8zGkNXStjTSi6fzO6F0pBdcYbEg=="
    },
    "case-anything": {
      "version": "2.1.13",
      "resolved": "https://registry.npmjs.org/case-anything/-/case-anything-2.1.13.tgz",
      "integrity": "sha512-zlOQ80VrQ2Ue+ymH5OuM/DlDq64mEm+B9UTdHULv5osUMD6HalNTblf2b1u/m6QecjsnOkBpqVZ+XPwIVsy7Ng=="
    },
    "classnames": {
      "version": "2.3.2",
      "resolved": "https://registry.npmjs.org/classnames/-/classnames-2.3.2.tgz",
      "integrity": "sha512-CSbhY4cFEJRe6/GQzIk5qXZ4Jeg5pcsP7b5peFSDpffpe1cqjASH/n9UTjBwOp6XpMSTwQ8Za2K5V02ueA7Tmw=="
    },
    "edge-error": {
      "version": "4.0.0-0",
      "resolved": "https://registry.npmjs.org/edge-error/-/edge-error-4.0.0-0.tgz",
      "integrity": "sha512-FI9sSYvQt8hXGneLgyh62z6qPpeAWyUS9i+RX5zSkzFkyM0BeQ1j2mrvztV3tU6pbDLmmtimgasQtsADiOEnyA=="
    },
    "edge-lexer": {
      "version": "6.0.0-4",
      "resolved": "https://registry.npmjs.org/edge-lexer/-/edge-lexer-6.0.0-4.tgz",
      "integrity": "sha512-JMS+HbLX2cmkQatGqWYiVIARD8jl0zUigodRTUvDnzSq0b7iFVG4u1TMA/JYEJ0m0SfCRFQ1Gd9pZ2twL3xqjw==",
      "requires": {
        "edge-error": "^4.0.0-0"
      }
    },
    "edge-parser": {
      "version": "9.0.0-3",
      "resolved": "https://registry.npmjs.org/edge-parser/-/edge-parser-9.0.0-3.tgz",
      "integrity": "sha512-0c7ssA1Gj9eYE6RfVnkMcZ4rbp2lks1GxHQKKjgwuLWuAQTV6Qj+ZViuRXjYYgCUm3spYGgC7RueH+2bQCosTw==",
      "requires": {
        "acorn": "^8.10.0",
        "astring": "^1.8.6",
        "edge-error": "^4.0.0-0",
        "edge-lexer": "^6.0.0-4",
        "js-stringify": "^1.0.2"
      }
    },
    "edge.js": {
      "version": "6.0.0-6",
      "resolved": "https://registry.npmjs.org/edge.js/-/edge.js-6.0.0-6.tgz",
      "integrity": "sha512-+GDMDcVNGiY///mr0ZDrjuVluULS4YOCYmMYHhyvHad3RI/P203GAHY73m3xLlFVl0MOOvDnC1Qr/qxY9TSgbQ==",
      "requires": {
        "@poppinss/inspect": "^1.0.1",
        "@poppinss/macroable": "^1.0.0-7",
        "@poppinss/utils": "^6.5.0-5",
        "classnames": "^2.3.2",
        "edge-error": "^4.0.0-0",
        "edge-lexer": "^6.0.0-4",
        "edge-parser": "^9.0.0-3",
        "he": "^1.2.0",
        "js-stringify": "^1.0.2",
        "property-information": "^6.2.0",
        "stringify-attributes": "^4.0.0"
      }
    },
    "escape-goat": {
      "version": "4.0.0",
      "resolved": "https://registry.npmjs.org/escape-goat/-/escape-goat-4.0.0.tgz",
      "integrity": "sha512-2Sd4ShcWxbx6OY1IHyla/CVNwvg7XwZVoXZHcSu9w9SReNP1EzzD5T8NWKIR38fIqEns9kDWKUQTXXAmlDrdPg=="
    },
    "flattie": {
      "version": "1.1.0",
      "resolved": "https://registry.npmjs.org/flattie/-/flattie-1.1.0.tgz",
      "integrity": "sha512-xU99gDEnciIwJdGcBmNHnzTJ/w5AT+VFJOu6sTB6WM8diOYNA3Sa+K1DiEBQ7XH4QikQq3iFW1U+jRVcotQnBw=="
    },
    "he": {
      "version": "1.2.0",
      "resolved": "https://registry.npmjs.org/he/-/he-1.2.0.tgz",
      "integrity": "sha512-F/1DnUGPopORZi0ni+CvrCgHQ5FyEAHRLSApuYWMmrbSwoN2Mn/7k+Gl38gJnR7yyDZk6WLXwiGod1JOWNDKGw=="
    },
    "js-stringify": {
      "version": "1.0.2",
      "resolved": "https://registry.npmjs.org/js-stringify/-/js-stringify-1.0.2.tgz",
      "integrity": "sha512-rtS5ATOo2Q5k1G+DADISilDA6lv79zIiwFd6CcjuIxGKLFm5C+RLImRscVap9k55i+MOZwgliw+NejvkLuGD5g=="
    },
    "pluralize": {
      "version": "8.0.0",
      "resolved": "https://registry.npmjs.org/pluralize/-/pluralize-8.0.0.tgz",
      "integrity": "sha512-Nc3IT5yHzflTfbjgqWcCPpo7DaKy4FnpB0l/zCAW0Tc7jxAiuqSxHasntB3D7887LSrA93kDJ9IXovxJYxyLCA=="
    },
    "property-information": {
      "version": "6.2.0",
      "resolved": "https://registry.npmjs.org/property-information/-/property-information-6.2.0.tgz",
      "integrity": "sha512-kma4U7AFCTwpqq5twzC1YVIDXSqg6qQK6JN0smOw8fgRy1OkMi0CYSzFmsy6dnqSenamAtj0CyXMUJ1Mf6oROg=="
    },
    "safe-stable-stringify": {
      "version": "2.4.3",
      "resolved": "https://registry.npmjs.org/safe-stable-stringify/-/safe-stable-stringify-2.4.3.tgz",
      "integrity": "sha512-e2bDA2WJT0wxseVd4lsDP4+3ONX6HpMXQa1ZhFQ7SU+GjvORCmShbCMltrtIDfkYhVHrOcPtj+KhmDBdPdZD1g=="
    },
    "secure-json-parse": {
      "version": "2.7.0",
      "resolved": "https://registry.npmjs.org/secure-json-parse/-/secure-json-parse-2.7.0.tgz",
      "integrity": "sha512-6aU+Rwsezw7VR8/nyvKTx8QpWH9FrcYiXXlqC4z5d5XQBDRqtbfsRjnwGyqbi3gddNtWHuEk9OANUotL26qKUw=="
    },
    "slash": {
      "version": "5.1.0",
      "resolved": "https://registry.npmjs.org/slash/-/slash-5.1.0.tgz",
      "integrity": "sha512-ZA6oR3T/pEyuqwMgAKT0/hAv8oAXckzbkmR0UkUosQ+Mc4RxGoJkRmwHgHufaenlyAgE1Mxgpdcrf75y6XcnDg=="
    },
    "slugify": {
      "version": "1.6.6",
      "resolved": "https://registry.npmjs.org/slugify/-/slugify-1.6.6.tgz",
      "integrity": "sha512-h+z7HKHYXj6wJU+AnS/+IH8Uh9fdcX1Lrhg1/VMdf9PwoBQXFcXiAdsy2tSK0P6gKwJLXp02r90ahUCqHk9rrw=="
    },
    "stringify-attributes": {
      "version": "4.0.0",
      "resolved": "https://registry.npmjs.org/stringify-attributes/-/stringify-attributes-4.0.0.tgz",
      "integrity": "sha512-6Hq3K153wTTfhEHb4V/viuqmb0DRn08JCrRnmqc4Q/tmoNuvd4DEyqkiiJXtvVz8ZSUhlCQr7zCpCVTgrelesg==",
      "requires": {
        "escape-goat": "^4.0.0"
      }
    },
    "truncatise": {
      "version": "0.0.8",
      "resolved": "https://registry.npmjs.org/truncatise/-/truncatise-0.0.8.tgz",
      "integrity": "sha512-cXzueh9pzBCsLzhToB4X4gZCb3KYkrsAcBAX97JnazE74HOl3cpBJYEV7nabHeG/6/WXCU5Yujlde/WPBUwnsg=="
    }
  }
}
